
Microsoft Visual Studio Solution File, Format Version 12.00
# Visual Studio Version 16
VisualStudioVersion = 16.0.29806.167
MinimumVisualStudioVersion = 10.0.40219.1
Project("{2150E333-8FDC-42A3-9474-1A3956D46DE8}") = "01.UI", "01.UI", "{EF2682F0-96EA-42EA-B617-F9A6ACBB7D6B}"
EndProject
Project("{2150E333-8FDC-42A3-9474-1A3956D46DE8}") = "02.BUSSINES", "02.BUSSINES", "{2799146C-287D-4BCB-ABE2-02B97F479B9E}"
EndProject
Project("{2150E333-8FDC-42A3-9474-1A3956D46DE8}") = "03.COMMON", "03.COMMON", "{76FF02B4-94CE-48CD-9F48-C53F6EAC5680}"
EndProject
Project("{2150E333-8FDC-42A3-9474-1A3956D46DE8}") = "04.DAO", "04.DAO", "{717A9E99-22AC-4FEF-B103-BB99B0899F1F}"
EndProject
Project("{2150E333-8FDC-42A3-9474-1A3956D46DE8}") = "05.SERVICES", "05.SERVICES", "{59E92CBD-7F54-4284-97AB-5A93552BB68A}"
EndProject
Project("{2150E333-8FDC-42A3-9474-1A3956D46DE8}") = "06.TEST", "06.TEST", "{1C3B2F92-A3B5-40C0-B6C8-F57E135E44FF}"
EndProject
Project("{FAE04EC0-301F-11D3-BF4B-00C04F79EFBC}") = "EmployessApp.Entities", "EmployessApp.Entities\EmployessApp.Entities.csproj", "{B50F251E-C425-4D61-816A-36B88ED56CFF}"
EndProject
Project("{FAE04EC0-301F-11D3-BF4B-00C04F79EFBC}") = "EmployessApp.BL", "EmployessApp.BL\EmployessApp.BL.csproj", "{EAF136E0-AD2F-4749-ACC8-08F1A79ED826}"
EndProject
Project("{FAE04EC0-301F-11D3-BF4B-00C04F79EFBC}") = "EmployessApp.Data", "EmployessApp.Data\EmployessApp.Data.csproj", "{25EB0667-F955-4353-AFC4-FB3FA844D42D}"
EndProject
Project("{FAE04EC0-301F-11D3-BF4B-00C04F79EFBC}") = "EmployeesApp.EmployeeService", "EmployeesApp.EmployeeService\EmployeesApp.EmployeeService.csproj", "{630B92C2-B87C-44EE-A26C-A0E6315DF08B}"
EndProject
Project("{FAE04EC0-301F-11D3-BF4B-00C04F79EFBC}") = "EmployeesApp.web", "EmployeesApp.web\EmployeesApp.web.csproj", "{9B2FDBF6-D69A-4B0E-915B-B5A3FC7AD4C0}"
EndProject
Project("{FAE04EC0-301F-11D3-BF4B-00C04F79EFBC}") = "EmployeesApp.Test", "EmployeesApp.Test\EmployeesApp.Test.csproj", "{F9E510E4-D2D7-4055-8D47-617D990FF902}"
EndProject
Global
	GlobalSection(SolutionConfigurationPlatforms) = preSolution
		Debug|Any CPU = Debug|Any CPU
		Release|Any CPU = Release|Any CPU
	EndGlobalSection
	GlobalSection(ProjectConfigurationPlatforms) = postSolution
		{B50F251E-C425-4D61-816A-36B88ED56CFF}.Debug|Any CPU.ActiveCfg = Debug|Any CPU
		{B50F251E-C425-4D61-816A-36B88ED56CFF}.Debug|Any CPU.Build.0 = Debug|Any CPU
		{B50F251E-C425-4D61-816A-36B88ED56CFF}.Release|Any CPU.ActiveCfg = Release|Any CPU
		{B50F251E-C425-4D61-816A-36B88ED56CFF}.Release|Any CPU.Build.0 = Release|Any CPU
		{EAF136E0-AD2F-4749-ACC8-08F1A79ED826}.Debug|Any CPU.ActiveCfg = Debug|Any CPU
		{EAF136E0-AD2F-4749-ACC8-08F1A79ED826}.Debug|Any CPU.Build.0 = Debug|Any CPU
		{EAF136E0-AD2F-4749-ACC8-08F1A79ED826}.Release|Any CPU.ActiveCfg = Release|Any CPU
		{EAF136E0-AD2F-4749-ACC8-08F1A79ED826}.Release|Any CPU.Build.0 = Release|Any CPU
		{25EB0667-F955-4353-AFC4-FB3FA844D42D}.Debug|Any CPU.ActiveCfg = Debug|Any CPU
		{25EB0667-F955-4353-AFC4-FB3FA844D42D}.Debug|Any CPU.Build.0 = Debug|Any CPU
		{25EB0667-F955-4353-AFC4-FB3FA844D42D}.Release|Any CPU.ActiveCfg = Release|Any CPU
		{25EB0667-F955-4353-AFC4-FB3FA844D42D}.Release|Any CPU.Build.0 = Release|Any CPU
		{630B92C2-B87C-44EE-A26C-A0E6315DF08B}.Debug|Any CPU.ActiveCfg = Debug|Any CPU
		{630B92C2-B87C-44EE-A26C-A0E6315DF08B}.Debug|Any CPU.Build.0 = Debug|Any CPU
		{630B92C2-B87C-44EE-A26C-A0E6315DF08B}.Release|Any CPU.ActiveCfg = Release|Any CPU
		{630B92C2-B87C-44EE-A26C-A0E6315DF08B}.Release|Any CPU.Build.0 = Release|Any CPU
		{9B2FDBF6-D69A-4B0E-915B-B5A3FC7AD4C0}.Debug|Any CPU.ActiveCfg = Debug|Any CPU
		{9B2FDBF6-D69A-4B0E-915B-B5A3FC7AD4C0}.Debug|Any CPU.Build.0 = Debug|Any CPU
		{9B2FDBF6-D69A-4B0E-915B-B5A3FC7AD4C0}.Release|Any CPU.ActiveCfg = Release|Any CPU
		{9B2FDBF6-D69A-4B0E-915B-B5A3FC7AD4C0}.Release|Any CPU.Build.0 = Release|Any CPU
		{F9E510E4-D2D7-4055-8D47-617D990FF902}.Debug|Any CPU.ActiveCfg = Debug|Any CPU
		{F9E510E4-D2D7-4055-8D47-617D990FF902}.Debug|Any CPU.Build.0 = Debug|Any CPU
		{F9E510E4-D2D7-4055-8D47-617D990FF902}.Release|Any CPU.ActiveCfg = Release|Any CPU
		{F9E510E4-D2D7-4055-8D47-617D990FF902}.Release|Any CPU.Build.0 = Release|Any CPU
	EndGlobalSection
	GlobalSection(SolutionProperties) = preSolution
		HideSolutionNode = FALSE
	EndGlobalSection
	GlobalSection(NestedProjects) = preSolution
		{B50F251E-C425-4D61-816A-36B88ED56CFF} = {76FF02B4-94CE-48CD-9F48-C53F6EAC5680}
		{EAF136E0-AD2F-4749-ACC8-08F1A79ED826} = {2799146C-287D-4BCB-ABE2-02B97F479B9E}
		{25EB0667-F955-4353-AFC4-FB3FA844D42D} = {717A9E99-22AC-4FEF-B103-BB99B0899F1F}
		{630B92C2-B87C-44EE-A26C-A0E6315DF08B} = {59E92CBD-7F54-4284-97AB-5A93552BB68A}
		{9B2FDBF6-D69A-4B0E-915B-B5A3FC7AD4C0} = {EF2682F0-96EA-42EA-B617-F9A6ACBB7D6B}
		{F9E510E4-D2D7-4055-8D47-617D990FF902} = {1C3B2F92-A3B5-40C0-B6C8-F57E135E44FF}
	EndGlobalSection
	GlobalSection(ExtensibilityGlobals) = postSolution
		SolutionGuid = {1842B753-B0F1-43A1-A458-C1362E865199}
	EndGlobalSection
EndGlobal
